
Microsoft Visual Studio Solution File, Format Version 12.00
# Visual Studio Version 17
VisualStudioVersion = 17.13.35913.81
MinimumVisualStudioVersion = 10.0.40219.1
Project("{FAE04EC0-301F-11D3-BF4B-00C04F79EFBC}") = "capaDato", "capaDato\capaDato.csproj", "{B22E994B-A6FA-409F-943A-451D2D2850F6}"
EndProject
Project("{FAE04EC0-301F-11D3-BF4B-00C04F79EFBC}") = "capaEntidad", "capaEntidad\capaEntidad.csproj", "{37193068-F518-45D0-BB86-3C7E0C0314F5}"
EndProject
Global
	GlobalSection(SolutionConfigurationPlatforms) = preSolution
		Debug|Any CPU = Debug|Any CPU
		Release|Any CPU = Release|Any CPU
	EndGlobalSection
	GlobalSection(ProjectConfigurationPlatforms) = postSolution
		{B22E994B-A6FA-409F-943A-451D2D2850F6}.Debug|Any CPU.ActiveCfg = Debug|Any CPU
		{B22E994B-A6FA-409F-943A-451D2D2850F6}.Debug|Any CPU.Build.0 = Debug|Any CPU
		{B22E994B-A6FA-409F-943A-451D2D2850F6}.Release|Any CPU.ActiveCfg = Release|Any CPU
		{B22E994B-A6FA-409F-943A-451D2D2850F6}.Release|Any CPU.Build.0 = Release|Any CPU
		{37193068-F518-45D0-BB86-3C7E0C0314F5}.Debug|Any CPU.ActiveCfg = Debug|Any CPU
		{37193068-F518-45D0-BB86-3C7E0C0314F5}.Debug|Any CPU.Build.0 = Debug|Any CPU
		{37193068-F518-45D0-BB86-3C7E0C0314F5}.Release|Any CPU.ActiveCfg = Release|Any CPU
		{37193068-F518-45D0-BB86-3C7E0C0314F5}.Release|Any CPU.Build.0 = Release|Any CPU
	EndGlobalSection
	GlobalSection(SolutionProperties) = preSolution
		HideSolutionNode = FALSE
	EndGlobalSection
	GlobalSection(ExtensibilityGlobals) = postSolution
		SolutionGuid = {E117C55A-1CF5-4C10-8DAE-0CFB8909C6EE}
	EndGlobalSection
EndGlobal
